
Microsoft Visual Studio Solution File, Format Version 12.00
# Visual Studio 2013
VisualStudioVersion = 12.0.31101.0
MinimumVisualStudioVersion = 10.0.40219.1
Project("{FAE04EC0-301F-11D3-BF4B-00C04F79EFBC}") = "WUnderground.Client", "WUnderground.Client\WUnderground.Client.csproj", "{B0D3FEAB-5E56-4F8C-8E89-AA507AE13B53}"
EndProject
Project("{FAE04EC0-301F-11D3-BF4B-00C04F79EFBC}") = "WUnderground.Test", "WUnderground.Test\WUnderground.Test.csproj", "{FB399102-EB8D-4E35-A7D2-CD5623BBAC66}"
EndProject
Global
	GlobalSection(SolutionConfigurationPlatforms) = preSolution
		Debug|Any CPU = Debug|Any CPU
		Release|Any CPU = Release|Any CPU
	EndGlobalSection
	GlobalSection(ProjectConfigurationPlatforms) = postSolution
		{B0D3FEAB-5E56-4F8C-8E89-AA507AE13B53}.Debug|Any CPU.ActiveCfg = Debug|Any CPU
		{B0D3FEAB-5E56-4F8C-8E89-AA507AE13B53}.Debug|Any CPU.Build.0 = Debug|Any CPU
		{B0D3FEAB-5E56-4F8C-8E89-AA507AE13B53}.Release|Any CPU.ActiveCfg = Release|Any CPU
		{B0D3FEAB-5E56-4F8C-8E89-AA507AE13B53}.Release|Any CPU.Build.0 = Release|Any CPU
		{FB399102-EB8D-4E35-A7D2-CD5623BBAC66}.Debug|Any CPU.ActiveCfg = Debug|Any CPU
		{FB399102-EB8D-4E35-A7D2-CD5623BBAC66}.Debug|Any CPU.Build.0 = Debug|Any CPU
		{FB399102-EB8D-4E35-A7D2-CD5623BBAC66}.Release|Any CPU.ActiveCfg = Release|Any CPU
		{FB399102-EB8D-4E35-A7D2-CD5623BBAC66}.Release|Any CPU.Build.0 = Release|Any CPU
	EndGlobalSection
	GlobalSection(SolutionProperties) = preSolution
		HideSolutionNode = FALSE
	EndGlobalSection
EndGlobal
